
Microsoft Visual Studio Solution File, Format Version 12.00
# Visual Studio Version 17
VisualStudioVersion = 17.14.36414.22
MinimumVisualStudioVersion = 10.0.40219.1
Project("{8BC9CEB8-8B4A-11D0-8D11-00A0C91BC942}") = "FirstConsoleApplication", "FirstConsoleApplication\FirstConsoleApplication.vcxproj", "{28DBE3C9-10C3-4C4A-BB57-435E22423C6B}"
EndProject
Project("{8BC9CEB8-8B4A-11D0-8D11-00A0C91BC942}") = "ConsoleApplication", "ConsoleApplication\ConsoleApplication.vcxproj", "{B5B8655B-2F5F-42F6-A983-F30C797CD3D8}"
EndProject
Global
	GlobalSection(SolutionConfigurationPlatforms) = preSolution
		Debug|x64 = Debug|x64
		Debug|x86 = Debug|x86
		Release|x64 = Release|x64
		Release|x86 = Release|x86
	EndGlobalSection
	GlobalSection(ProjectConfigurationPlatforms) = postSolution
		{28DBE3C9-10C3-4C4A-BB57-435E22423C6B}.Debug|x64.ActiveCfg = Debug|x64
		{28DBE3C9-10C3-4C4A-BB57-435E22423C6B}.Debug|x64.Build.0 = Debug|x64
		{28DBE3C9-10C3-4C4A-BB57-435E22423C6B}.Debug|x86.ActiveCfg = Debug|Win32
		{28DBE3C9-10C3-4C4A-BB57-435E22423C6B}.Debug|x86.Build.0 = Debug|Win32
		{28DBE3C9-10C3-4C4A-BB57-435E22423C6B}.Release|x64.ActiveCfg = Release|x64
		{28DBE3C9-10C3-4C4A-BB57-435E22423C6B}.Release|x64.Build.0 = Release|x64
		{28DBE3C9-10C3-4C4A-BB57-435E22423C6B}.Release|x86.ActiveCfg = Release|Win32
		{28DBE3C9-10C3-4C4A-BB57-435E22423C6B}.Release|x86.Build.0 = Release|Win32
		{B5B8655B-2F5F-42F6-A983-F30C797CD3D8}.Debug|x64.ActiveCfg = Debug|x64
		{B5B8655B-2F5F-42F6-A983-F30C797CD3D8}.Debug|x64.Build.0 = Debug|x64
		{B5B8655B-2F5F-42F6-A983-F30C797CD3D8}.Debug|x86.ActiveCfg = Debug|Win32
		{B5B8655B-2F5F-42F6-A983-F30C797CD3D8}.Debug|x86.Build.0 = Debug|Win32
		{B5B8655B-2F5F-42F6-A983-F30C797CD3D8}.Release|x64.ActiveCfg = Release|x64
		{B5B8655B-2F5F-42F6-A983-F30C797CD3D8}.Release|x64.Build.0 = Release|x64
		{B5B8655B-2F5F-42F6-A983-F30C797CD3D8}.Release|x86.ActiveCfg = Release|Win32
		{B5B8655B-2F5F-42F6-A983-F30C797CD3D8}.Release|x86.Build.0 = Release|Win32
	EndGlobalSection
	GlobalSection(SolutionProperties) = preSolution
		HideSolutionNode = FALSE
	EndGlobalSection
	GlobalSection(ExtensibilityGlobals) = postSolution
		SolutionGuid = {514E88A6-0F6F-4D8D-B794-393F3B10DD74}
	EndGlobalSection
EndGlobal
